
Microsoft Visual Studio Solution File, Format Version 12.00
# Visual Studio Version 17
VisualStudioVersion = 17.14.36310.24 d17.14
MinimumVisualStudioVersion = 10.0.40219.1
Project("{FAE04EC0-301F-11D3-BF4B-00C04F79EFBC}") = "WpfApp1", "WpfApp1.csproj", "{5C45A958-230A-4F5C-B03D-2FA8CB50FABF}"
EndProject
Global
	GlobalSection(SolutionConfigurationPlatforms) = preSolution
		Debug|Any CPU = Debug|Any CPU
		Debug|x64 = Debug|x64
		Release|Any CPU = Release|Any CPU
		Release|x64 = Release|x64
	EndGlobalSection
	GlobalSection(ProjectConfigurationPlatforms) = postSolution
		{5C45A958-230A-4F5C-B03D-2FA8CB50FABF}.Debug|Any CPU.ActiveCfg = Debug|Any CPU
		{5C45A958-230A-4F5C-B03D-2FA8CB50FABF}.Debug|Any CPU.Build.0 = Debug|Any CPU
		{5C45A958-230A-4F5C-B03D-2FA8CB50FABF}.Debug|x64.ActiveCfg = Debug|x64
		{5C45A958-230A-4F5C-B03D-2FA8CB50FABF}.Debug|x64.Build.0 = Debug|x64
		{5C45A958-230A-4F5C-B03D-2FA8CB50FABF}.Release|Any CPU.ActiveCfg = Release|Any CPU
		{5C45A958-230A-4F5C-B03D-2FA8CB50FABF}.Release|Any CPU.Build.0 = Release|Any CPU
		{5C45A958-230A-4F5C-B03D-2FA8CB50FABF}.Release|x64.ActiveCfg = Release|x64
		{5C45A958-230A-4F5C-B03D-2FA8CB50FABF}.Release|x64.Build.0 = Release|x64
	EndGlobalSection
	GlobalSection(SolutionProperties) = preSolution
		HideSolutionNode = FALSE
	EndGlobalSection
	GlobalSection(ExtensibilityGlobals) = postSolution
		SolutionGuid = {E58B3FB2-198F-4458-AE03-C7946996552D}
	EndGlobalSection
EndGlobal
