
Microsoft Visual Studio Solution File, Format Version 12.00
# Visual Studio Version 17
VisualStudioVersion = 17.14.36310.24
MinimumVisualStudioVersion = 10.0.40219.1
Project("{FAE04EC0-301F-11D3-BF4B-00C04F79EFBC}") = "DeDupe", "DeDupe.csproj", "{F70EBA6A-9276-B368-DE53-B42917F91FDE}"
EndProject
Project("{54435603-DBB4-11D2-8724-00A0C9A8B90C}") = "DeDupe.Setup", "..\DeDupe.Setup\DeDupe.Setup.vdproj", "{40B12D40-65E8-CE15-A797-2500313B9CBC}"
EndProject
Global
	GlobalSection(SolutionConfigurationPlatforms) = preSolution
		Debug|Any CPU = Debug|Any CPU
		Debug|ARM = Debug|ARM
		Debug|ARM64 = Debug|ARM64
		Debug|x64 = Debug|x64
		Debug|x86 = Debug|x86
		Release|Any CPU = Release|Any CPU
		Release|ARM = Release|ARM
		Release|ARM64 = Release|ARM64
		Release|x64 = Release|x64
		Release|x86 = Release|x86
	EndGlobalSection
	GlobalSection(ProjectConfigurationPlatforms) = postSolution
		{F70EBA6A-9276-B368-DE53-B42917F91FDE}.Debug|Any CPU.ActiveCfg = Debug|Any CPU
		{F70EBA6A-9276-B368-DE53-B42917F91FDE}.Debug|Any CPU.Build.0 = Debug|Any CPU
		{F70EBA6A-9276-B368-DE53-B42917F91FDE}.Debug|ARM.ActiveCfg = Debug|Any CPU
		{F70EBA6A-9276-B368-DE53-B42917F91FDE}.Debug|ARM.Build.0 = Debug|Any CPU
		{F70EBA6A-9276-B368-DE53-B42917F91FDE}.Debug|ARM64.ActiveCfg = Debug|Any CPU
		{F70EBA6A-9276-B368-DE53-B42917F91FDE}.Debug|ARM64.Build.0 = Debug|Any CPU
		{F70EBA6A-9276-B368-DE53-B42917F91FDE}.Debug|x64.ActiveCfg = Debug|x64
		{F70EBA6A-9276-B368-DE53-B42917F91FDE}.Debug|x64.Build.0 = Debug|x64
		{F70EBA6A-9276-B368-DE53-B42917F91FDE}.Debug|x86.ActiveCfg = Debug|Any CPU
		{F70EBA6A-9276-B368-DE53-B42917F91FDE}.Debug|x86.Build.0 = Debug|Any CPU
		{F70EBA6A-9276-B368-DE53-B42917F91FDE}.Release|Any CPU.ActiveCfg = Release|Any CPU
		{F70EBA6A-9276-B368-DE53-B42917F91FDE}.Release|Any CPU.Build.0 = Release|Any CPU
		{F70EBA6A-9276-B368-DE53-B42917F91FDE}.Release|ARM.ActiveCfg = Release|Any CPU
		{F70EBA6A-9276-B368-DE53-B42917F91FDE}.Release|ARM.Build.0 = Release|Any CPU
		{F70EBA6A-9276-B368-DE53-B42917F91FDE}.Release|ARM64.ActiveCfg = Release|Any CPU
		{F70EBA6A-9276-B368-DE53-B42917F91FDE}.Release|ARM64.Build.0 = Release|Any CPU
		{F70EBA6A-9276-B368-DE53-B42917F91FDE}.Release|x64.ActiveCfg = Release|x64
		{F70EBA6A-9276-B368-DE53-B42917F91FDE}.Release|x64.Build.0 = Release|x64
		{F70EBA6A-9276-B368-DE53-B42917F91FDE}.Release|x86.ActiveCfg = Release|Any CPU
		{F70EBA6A-9276-B368-DE53-B42917F91FDE}.Release|x86.Build.0 = Release|Any CPU
		{40B12D40-65E8-CE15-A797-2500313B9CBC}.Debug|Any CPU.ActiveCfg = Debug
		{40B12D40-65E8-CE15-A797-2500313B9CBC}.Debug|ARM.ActiveCfg = Debug
		{40B12D40-65E8-CE15-A797-2500313B9CBC}.Debug|ARM64.ActiveCfg = Debug
		{40B12D40-65E8-CE15-A797-2500313B9CBC}.Debug|x64.ActiveCfg = Debug
		{40B12D40-65E8-CE15-A797-2500313B9CBC}.Debug|x86.ActiveCfg = Debug
		{40B12D40-65E8-CE15-A797-2500313B9CBC}.Release|Any CPU.ActiveCfg = Release
		{40B12D40-65E8-CE15-A797-2500313B9CBC}.Release|ARM.ActiveCfg = Release
		{40B12D40-65E8-CE15-A797-2500313B9CBC}.Release|ARM64.ActiveCfg = Release
		{40B12D40-65E8-CE15-A797-2500313B9CBC}.Release|x64.ActiveCfg = Release
		{40B12D40-65E8-CE15-A797-2500313B9CBC}.Release|x86.ActiveCfg = Release
	EndGlobalSection
	GlobalSection(SolutionProperties) = preSolution
		HideSolutionNode = FALSE
	EndGlobalSection
	GlobalSection(ExtensibilityGlobals) = postSolution
		SolutionGuid = {E58B3FB2-198F-4458-AE03-C7946996552D}
	EndGlobalSection
EndGlobal
