
Microsoft Visual Studio Solution File, Format Version 12.00
# Visual Studio Version 17
VisualStudioVersion = 17.14.36310.24
MinimumVisualStudioVersion = 10.0.40219.1
Project("{FAE04EC0-301F-11D3-BF4B-00C04F79EFBC}") = "DeDupe", "DeDupe.csproj", "{F70EBA6A-9276-B368-DE53-B42917F91FDE}"
EndProject
Project("{C7167F0D-BC9F-4E6E-AFE1-012C56B48DB5}") = "DeDupePackagingProject", "..\DeDupePackagingProject\DeDupePackagingProject.wapproj", "{33AB2418-A6ED-4917-8DA9-1A9B595BEA45}"
EndProject
Project("{B7DD6F7E-DEF8-4E67-B5B7-07EF123DB6F0}") = "DeDupeInstaller", "..\DeDupeInstaller\DeDupeInstaller.wixproj", "{A340ABE6-5438-4144-831A-B17987249C47}"
EndProject
Global
	GlobalSection(SolutionConfigurationPlatforms) = preSolution
		Debug|Any CPU = Debug|Any CPU
		Debug|ARM = Debug|ARM
		Debug|ARM64 = Debug|ARM64
		Debug|x64 = Debug|x64
		Debug|x86 = Debug|x86
		Release|Any CPU = Release|Any CPU
		Release|ARM = Release|ARM
		Release|ARM64 = Release|ARM64
		Release|x64 = Release|x64
		Release|x86 = Release|x86
	EndGlobalSection
	GlobalSection(ProjectConfigurationPlatforms) = postSolution
		{F70EBA6A-9276-B368-DE53-B42917F91FDE}.Debug|Any CPU.ActiveCfg = Debug|Any CPU
		{F70EBA6A-9276-B368-DE53-B42917F91FDE}.Debug|Any CPU.Build.0 = Debug|Any CPU
		{F70EBA6A-9276-B368-DE53-B42917F91FDE}.Debug|ARM.ActiveCfg = Debug|Any CPU
		{F70EBA6A-9276-B368-DE53-B42917F91FDE}.Debug|ARM.Build.0 = Debug|Any CPU
		{F70EBA6A-9276-B368-DE53-B42917F91FDE}.Debug|ARM64.ActiveCfg = Debug|Any CPU
		{F70EBA6A-9276-B368-DE53-B42917F91FDE}.Debug|ARM64.Build.0 = Debug|Any CPU
		{F70EBA6A-9276-B368-DE53-B42917F91FDE}.Debug|x64.ActiveCfg = Debug|x64
		{F70EBA6A-9276-B368-DE53-B42917F91FDE}.Debug|x64.Build.0 = Debug|x64
		{F70EBA6A-9276-B368-DE53-B42917F91FDE}.Debug|x86.ActiveCfg = Debug|Any CPU
		{F70EBA6A-9276-B368-DE53-B42917F91FDE}.Debug|x86.Build.0 = Debug|Any CPU
		{F70EBA6A-9276-B368-DE53-B42917F91FDE}.Release|Any CPU.ActiveCfg = Release|Any CPU
		{F70EBA6A-9276-B368-DE53-B42917F91FDE}.Release|Any CPU.Build.0 = Release|Any CPU
		{F70EBA6A-9276-B368-DE53-B42917F91FDE}.Release|ARM.ActiveCfg = Release|Any CPU
		{F70EBA6A-9276-B368-DE53-B42917F91FDE}.Release|ARM.Build.0 = Release|Any CPU
		{F70EBA6A-9276-B368-DE53-B42917F91FDE}.Release|ARM64.ActiveCfg = Release|Any CPU
		{F70EBA6A-9276-B368-DE53-B42917F91FDE}.Release|ARM64.Build.0 = Release|Any CPU
		{F70EBA6A-9276-B368-DE53-B42917F91FDE}.Release|x64.ActiveCfg = Release|x64
		{F70EBA6A-9276-B368-DE53-B42917F91FDE}.Release|x64.Build.0 = Release|x64
		{F70EBA6A-9276-B368-DE53-B42917F91FDE}.Release|x86.ActiveCfg = Release|Any CPU
		{F70EBA6A-9276-B368-DE53-B42917F91FDE}.Release|x86.Build.0 = Release|Any CPU
		{33AB2418-A6ED-4917-8DA9-1A9B595BEA45}.Debug|Any CPU.ActiveCfg = Debug|Any CPU
		{33AB2418-A6ED-4917-8DA9-1A9B595BEA45}.Debug|Any CPU.Build.0 = Debug|Any CPU
		{33AB2418-A6ED-4917-8DA9-1A9B595BEA45}.Debug|Any CPU.Deploy.0 = Debug|Any CPU
		{33AB2418-A6ED-4917-8DA9-1A9B595BEA45}.Debug|ARM.ActiveCfg = Debug|ARM
		{33AB2418-A6ED-4917-8DA9-1A9B595BEA45}.Debug|ARM.Build.0 = Debug|ARM
		{33AB2418-A6ED-4917-8DA9-1A9B595BEA45}.Debug|ARM.Deploy.0 = Debug|ARM
		{33AB2418-A6ED-4917-8DA9-1A9B595BEA45}.Debug|ARM64.ActiveCfg = Debug|ARM64
		{33AB2418-A6ED-4917-8DA9-1A9B595BEA45}.Debug|ARM64.Build.0 = Debug|ARM64
		{33AB2418-A6ED-4917-8DA9-1A9B595BEA45}.Debug|ARM64.Deploy.0 = Debug|ARM64
		{33AB2418-A6ED-4917-8DA9-1A9B595BEA45}.Debug|x64.ActiveCfg = Debug|x64
		{33AB2418-A6ED-4917-8DA9-1A9B595BEA45}.Debug|x64.Build.0 = Debug|x64
		{33AB2418-A6ED-4917-8DA9-1A9B595BEA45}.Debug|x64.Deploy.0 = Debug|x64
		{33AB2418-A6ED-4917-8DA9-1A9B595BEA45}.Debug|x86.ActiveCfg = Debug|x86
		{33AB2418-A6ED-4917-8DA9-1A9B595BEA45}.Debug|x86.Build.0 = Debug|x86
		{33AB2418-A6ED-4917-8DA9-1A9B595BEA45}.Debug|x86.Deploy.0 = Debug|x86
		{33AB2418-A6ED-4917-8DA9-1A9B595BEA45}.Release|Any CPU.ActiveCfg = Release|Any CPU
		{33AB2418-A6ED-4917-8DA9-1A9B595BEA45}.Release|Any CPU.Build.0 = Release|Any CPU
		{33AB2418-A6ED-4917-8DA9-1A9B595BEA45}.Release|Any CPU.Deploy.0 = Release|Any CPU
		{33AB2418-A6ED-4917-8DA9-1A9B595BEA45}.Release|ARM.ActiveCfg = Release|ARM
		{33AB2418-A6ED-4917-8DA9-1A9B595BEA45}.Release|ARM.Build.0 = Release|ARM
		{33AB2418-A6ED-4917-8DA9-1A9B595BEA45}.Release|ARM.Deploy.0 = Release|ARM
		{33AB2418-A6ED-4917-8DA9-1A9B595BEA45}.Release|ARM64.ActiveCfg = Release|ARM64
		{33AB2418-A6ED-4917-8DA9-1A9B595BEA45}.Release|ARM64.Build.0 = Release|ARM64
		{33AB2418-A6ED-4917-8DA9-1A9B595BEA45}.Release|ARM64.Deploy.0 = Release|ARM64
		{33AB2418-A6ED-4917-8DA9-1A9B595BEA45}.Release|x64.ActiveCfg = Release|x64
		{33AB2418-A6ED-4917-8DA9-1A9B595BEA45}.Release|x64.Build.0 = Release|x64
		{33AB2418-A6ED-4917-8DA9-1A9B595BEA45}.Release|x64.Deploy.0 = Release|x64
		{33AB2418-A6ED-4917-8DA9-1A9B595BEA45}.Release|x86.ActiveCfg = Release|x86
		{33AB2418-A6ED-4917-8DA9-1A9B595BEA45}.Release|x86.Build.0 = Release|x86
		{33AB2418-A6ED-4917-8DA9-1A9B595BEA45}.Release|x86.Deploy.0 = Release|x86
		{A340ABE6-5438-4144-831A-B17987249C47}.Debug|Any CPU.ActiveCfg = Debug|x64
		{A340ABE6-5438-4144-831A-B17987249C47}.Debug|Any CPU.Build.0 = Debug|x64
		{A340ABE6-5438-4144-831A-B17987249C47}.Debug|ARM.ActiveCfg = Debug|x64
		{A340ABE6-5438-4144-831A-B17987249C47}.Debug|ARM.Build.0 = Debug|x64
		{A340ABE6-5438-4144-831A-B17987249C47}.Debug|ARM64.ActiveCfg = Debug|ARM64
		{A340ABE6-5438-4144-831A-B17987249C47}.Debug|ARM64.Build.0 = Debug|ARM64
		{A340ABE6-5438-4144-831A-B17987249C47}.Debug|x64.ActiveCfg = Debug|x64
		{A340ABE6-5438-4144-831A-B17987249C47}.Debug|x64.Build.0 = Debug|x64
		{A340ABE6-5438-4144-831A-B17987249C47}.Debug|x86.ActiveCfg = Debug|x86
		{A340ABE6-5438-4144-831A-B17987249C47}.Debug|x86.Build.0 = Debug|x86
		{A340ABE6-5438-4144-831A-B17987249C47}.Release|Any CPU.ActiveCfg = Release|x64
		{A340ABE6-5438-4144-831A-B17987249C47}.Release|Any CPU.Build.0 = Release|x64
		{A340ABE6-5438-4144-831A-B17987249C47}.Release|ARM.ActiveCfg = Release|x64
		{A340ABE6-5438-4144-831A-B17987249C47}.Release|ARM.Build.0 = Release|x64
		{A340ABE6-5438-4144-831A-B17987249C47}.Release|ARM64.ActiveCfg = Release|ARM64
		{A340ABE6-5438-4144-831A-B17987249C47}.Release|ARM64.Build.0 = Release|ARM64
		{A340ABE6-5438-4144-831A-B17987249C47}.Release|x64.ActiveCfg = Release|x64
		{A340ABE6-5438-4144-831A-B17987249C47}.Release|x64.Build.0 = Release|x64
		{A340ABE6-5438-4144-831A-B17987249C47}.Release|x86.ActiveCfg = Release|x86
		{A340ABE6-5438-4144-831A-B17987249C47}.Release|x86.Build.0 = Release|x86
	EndGlobalSection
	GlobalSection(SolutionProperties) = preSolution
		HideSolutionNode = FALSE
	EndGlobalSection
	GlobalSection(ExtensibilityGlobals) = postSolution
		SolutionGuid = {E58B3FB2-198F-4458-AE03-C7946996552D}
	EndGlobalSection
EndGlobal
